
Microsoft Visual Studio Solution File, Format Version 12.00
# Visual Studio Version 17
VisualStudioVersion = 17.14.37111.16 d17.14
MinimumVisualStudioVersion = 10.0.40219.1
Project("{FAE04EC0-301F-11D3-BF4B-00C04F79EFBC}") = "MORSKOIBI", "MORSKOIBI\MORSKOIBI.csproj", "{BA2A217E-4D23-47D2-99CE-4D12368E5112}"
EndProject
Global
	GlobalSection(SolutionConfigurationPlatforms) = preSolution
		Debug|Any CPU = Debug|Any CPU
		Release|Any CPU = Release|Any CPU
	EndGlobalSection
	GlobalSection(ProjectConfigurationPlatforms) = postSolution
		{BA2A217E-4D23-47D2-99CE-4D12368E5112}.Debug|Any CPU.ActiveCfg = Debug|Any CPU
		{BA2A217E-4D23-47D2-99CE-4D12368E5112}.Debug|Any CPU.Build.0 = Debug|Any CPU
		{BA2A217E-4D23-47D2-99CE-4D12368E5112}.Release|Any CPU.ActiveCfg = Release|Any CPU
		{BA2A217E-4D23-47D2-99CE-4D12368E5112}.Release|Any CPU.Build.0 = Release|Any CPU
	EndGlobalSection
	GlobalSection(SolutionProperties) = preSolution
		HideSolutionNode = FALSE
	EndGlobalSection
	GlobalSection(ExtensibilityGlobals) = postSolution
		SolutionGuid = {A8243342-81FD-4B82-8371-4C50B82BD90D}
	EndGlobalSection
EndGlobal
